
Microsoft Visual Studio Solution File, Format Version 11.00
# Visual Studio 2010
Project("{FAE04EC0-301F-11D3-BF4B-00C04F79EFBC}") = "NaiveIosUrlCache", "src/NaiveIosUrlCache/NaiveIosUrlCache.csproj", "{1B05ED2B-31A8-4D14-8B0C-F60641E798EF}"
EndProject
Global
	GlobalSection(SolutionConfigurationPlatforms) = preSolution
		Debug|iPhoneSimulator = Debug|iPhoneSimulator
		Release|iPhoneSimulator = Release|iPhoneSimulator
		Debug|iPhone = Debug|iPhone
		Release|iPhone = Release|iPhone
		Ad-Hoc|iPhone = Ad-Hoc|iPhone
		AppStore|iPhone = AppStore|iPhone
	EndGlobalSection
	GlobalSection(ProjectConfigurationPlatforms) = postSolution
		{1B05ED2B-31A8-4D14-8B0C-F60641E798EF}.Ad-Hoc|iPhone.ActiveCfg = Ad-Hoc|iPhone
		{1B05ED2B-31A8-4D14-8B0C-F60641E798EF}.Ad-Hoc|iPhone.Build.0 = Ad-Hoc|iPhone
		{1B05ED2B-31A8-4D14-8B0C-F60641E798EF}.AppStore|iPhone.ActiveCfg = AppStore|iPhone
		{1B05ED2B-31A8-4D14-8B0C-F60641E798EF}.AppStore|iPhone.Build.0 = AppStore|iPhone
		{1B05ED2B-31A8-4D14-8B0C-F60641E798EF}.Debug|iPhone.ActiveCfg = Debug|iPhone
		{1B05ED2B-31A8-4D14-8B0C-F60641E798EF}.Debug|iPhone.Build.0 = Debug|iPhone
		{1B05ED2B-31A8-4D14-8B0C-F60641E798EF}.Debug|iPhoneSimulator.ActiveCfg = Debug|iPhoneSimulator
		{1B05ED2B-31A8-4D14-8B0C-F60641E798EF}.Debug|iPhoneSimulator.Build.0 = Debug|iPhoneSimulator
		{1B05ED2B-31A8-4D14-8B0C-F60641E798EF}.Release|iPhone.ActiveCfg = Release|iPhone
		{1B05ED2B-31A8-4D14-8B0C-F60641E798EF}.Release|iPhone.Build.0 = Release|iPhone
		{1B05ED2B-31A8-4D14-8B0C-F60641E798EF}.Release|iPhoneSimulator.ActiveCfg = Release|iPhoneSimulator
		{1B05ED2B-31A8-4D14-8B0C-F60641E798EF}.Release|iPhoneSimulator.Build.0 = Release|iPhoneSimulator
	EndGlobalSection
	GlobalSection(MonoDevelopProperties) = preSolution
		StartupItem = NaiveIosUrlCache.csproj
	EndGlobalSection
EndGlobal
